
Microsoft Visual Studio Solution File, Format Version 12.00
Project("{FAE04EC0-301F-11D3-BF4B-00C04F79EFBC}") = "kerberolist", "kerberolist.csproj", "{A19602E3-EAB3-4565-910E-B9AA8BBA21EA}"
EndProject
Global
	GlobalSection(SolutionConfigurationPlatforms) = preSolution
		Debug|Any CPU = Debug|Any CPU
		Release|Any CPU = Release|Any CPU
	EndGlobalSection
	GlobalSection(ProjectConfigurationPlatforms) = postSolution
		{A19602E3-EAB3-4565-910E-B9AA8BBA21EA}.Debug|Any CPU.ActiveCfg = Debug|Any CPU
		{A19602E3-EAB3-4565-910E-B9AA8BBA21EA}.Debug|Any CPU.Build.0 = Debug|Any CPU
		{A19602E3-EAB3-4565-910E-B9AA8BBA21EA}.Release|Any CPU.ActiveCfg = Release|Any CPU
		{A19602E3-EAB3-4565-910E-B9AA8BBA21EA}.Release|Any CPU.Build.0 = Release|Any CPU
	EndGlobalSection
EndGlobal
